
Microsoft Visual Studio Solution File, Format Version 12.00
# Visual Studio 15
VisualStudioVersion = 15.0.26228.9
MinimumVisualStudioVersion = 10.0.40219.1
Project("{FAE04EC0-301F-11D3-BF4B-00C04F79EFBC}") = "Threading", "Threading\Threading.csproj", "{DC1B0CD8-FE9C-46A8-80DC-DEE18C17680E}"
EndProject
Project("{FAE04EC0-301F-11D3-BF4B-00C04F79EFBC}") = "ThreadPool", "ThreadPool\ThreadPool.csproj", "{B44F51F8-D682-4B5E-9031-AA62BEE7AE79}"
EndProject
Project("{FAE04EC0-301F-11D3-BF4B-00C04F79EFBC}") = "Task", "Task\Task.csproj", "{C090415A-81B6-4565-B186-06D7F33B9D7B}"
EndProject
Global
	GlobalSection(SolutionConfigurationPlatforms) = preSolution
		Debug|Any CPU = Debug|Any CPU
		Release|Any CPU = Release|Any CPU
	EndGlobalSection
	GlobalSection(ProjectConfigurationPlatforms) = postSolution
		{DC1B0CD8-FE9C-46A8-80DC-DEE18C17680E}.Debug|Any CPU.ActiveCfg = Debug|Any CPU
		{DC1B0CD8-FE9C-46A8-80DC-DEE18C17680E}.Debug|Any CPU.Build.0 = Debug|Any CPU
		{DC1B0CD8-FE9C-46A8-80DC-DEE18C17680E}.Release|Any CPU.ActiveCfg = Release|Any CPU
		{DC1B0CD8-FE9C-46A8-80DC-DEE18C17680E}.Release|Any CPU.Build.0 = Release|Any CPU
		{B44F51F8-D682-4B5E-9031-AA62BEE7AE79}.Debug|Any CPU.ActiveCfg = Debug|Any CPU
		{B44F51F8-D682-4B5E-9031-AA62BEE7AE79}.Debug|Any CPU.Build.0 = Debug|Any CPU
		{B44F51F8-D682-4B5E-9031-AA62BEE7AE79}.Release|Any CPU.ActiveCfg = Release|Any CPU
		{B44F51F8-D682-4B5E-9031-AA62BEE7AE79}.Release|Any CPU.Build.0 = Release|Any CPU
		{C090415A-81B6-4565-B186-06D7F33B9D7B}.Debug|Any CPU.ActiveCfg = Debug|Any CPU
		{C090415A-81B6-4565-B186-06D7F33B9D7B}.Debug|Any CPU.Build.0 = Debug|Any CPU
		{C090415A-81B6-4565-B186-06D7F33B9D7B}.Release|Any CPU.ActiveCfg = Release|Any CPU
		{C090415A-81B6-4565-B186-06D7F33B9D7B}.Release|Any CPU.Build.0 = Release|Any CPU
	EndGlobalSection
	GlobalSection(SolutionProperties) = preSolution
		HideSolutionNode = FALSE
	EndGlobalSection
EndGlobal
